
Microsoft Visual Studio Solution File, Format Version 12.00
# Visual Studio Version 17
VisualStudioVersion = 17.7.34031.279
MinimumVisualStudioVersion = 10.0.40219.1
Project("{2150E333-8FDC-42A3-9474-1A3956D46DE8}") = ".nuget", ".nuget", "{1629045C-A443-45AA-B879-FCCB2510E58E}"
	ProjectSection(SolutionItems) = preProject
		.nuget\packages.config = .nuget\packages.config
	EndProjectSection
EndProject
Project("{FAE04EC0-301F-11D3-BF4B-00C04F79EFBC}") = "Ensek.Automation.API", "Ensek.Automation.API\Ensek.Automation.API.csproj", "{D737B62B-96DE-44EC-98CF-9BEFC846A1D7}"
EndProject
Global
	GlobalSection(SolutionConfigurationPlatforms) = preSolution
		Debug|Any CPU = Debug|Any CPU
		Debug|x64 = Debug|x64
		Debug|x86 = Debug|x86
		Release|Any CPU = Release|Any CPU
		Release|x64 = Release|x64
		Release|x86 = Release|x86
	EndGlobalSection
	GlobalSection(ProjectConfigurationPlatforms) = postSolution
		{D737B62B-96DE-44EC-98CF-9BEFC846A1D7}.Debug|Any CPU.ActiveCfg = Debug|Any CPU
		{D737B62B-96DE-44EC-98CF-9BEFC846A1D7}.Debug|Any CPU.Build.0 = Debug|Any CPU
		{D737B62B-96DE-44EC-98CF-9BEFC846A1D7}.Debug|x64.ActiveCfg = Debug|Any CPU
		{D737B62B-96DE-44EC-98CF-9BEFC846A1D7}.Debug|x64.Build.0 = Debug|Any CPU
		{D737B62B-96DE-44EC-98CF-9BEFC846A1D7}.Debug|x86.ActiveCfg = Debug|Any CPU
		{D737B62B-96DE-44EC-98CF-9BEFC846A1D7}.Debug|x86.Build.0 = Debug|Any CPU
		{D737B62B-96DE-44EC-98CF-9BEFC846A1D7}.Release|Any CPU.ActiveCfg = Release|Any CPU
		{D737B62B-96DE-44EC-98CF-9BEFC846A1D7}.Release|Any CPU.Build.0 = Release|Any CPU
		{D737B62B-96DE-44EC-98CF-9BEFC846A1D7}.Release|x64.ActiveCfg = Release|Any CPU
		{D737B62B-96DE-44EC-98CF-9BEFC846A1D7}.Release|x64.Build.0 = Release|Any CPU
		{D737B62B-96DE-44EC-98CF-9BEFC846A1D7}.Release|x86.ActiveCfg = Release|Any CPU
		{D737B62B-96DE-44EC-98CF-9BEFC846A1D7}.Release|x86.Build.0 = Release|Any CPU
	EndGlobalSection
	GlobalSection(SolutionProperties) = preSolution
		HideSolutionNode = FALSE
	EndGlobalSection
	GlobalSection(ExtensibilityGlobals) = postSolution
		SolutionGuid = {0A27EE7A-04C7-4BBE-AD43-B52470DFCBBA}
	EndGlobalSection
EndGlobal
